{
  "nodes": {
    "nixpkgs": {
      "locked": {
        "lastModified": 1784182977,
        "narHash": "sha256-Hy8zg2HEcsk4WqowQK3UKRXz1fdQM7Z2un3nSyLbJaQ=",
        "owner": "NixOS",
        "repo": "nixpkgs",
        "rev": "29c22b7761070f37c4c2b0dd6a8777f0bd43e268",
        "type": "github"
      },
      "original": {
        "owner": "NixOS",
        "ref": "nixpkgs-26.05-darwin",
        "repo": "nixpkgs",
        "type": "github"
      }
    },
    "nixpkgs-staging": {
      "locked": {
        "lastModified": 1784299087,
        "narHash": "sha256-Sy53xQgLOoSWxuA6a6P+rYVbirSXmMXMYb0p838L3v8=",
        "owner": "NixOS",
        "repo": "nixpkgs",
        "rev": "729aec04034078ef48a4f8d28f3608612118168e",
        "type": "github"
      },
      "original": {
        "owner": "NixOS",
        "ref": "staging-next",
        "repo": "nixpkgs",
        "type": "github"
      }
    },
    "root": {
      "inputs": {
        "nixpkgs": "nixpkgs",
        "nixpkgs-staging": "nixpkgs-staging"
      }
    }
  },
  "root": "root",
  "version": 7
}
